
Microsoft Visual Studio Solution File, Format Version 12.00
# Visual Studio Version 17
VisualStudioVersion = 17.3.32929.385
MinimumVisualStudioVersion = 10.0.40219.1
Project("{FAE04EC0-301F-11D3-BF4B-00C04F79EFBC}") = "Assessments", "Assessments\Assessments.csproj", "{EA2DCBE9-D9C3-49B6-A308-5582F1FBBB81}"
EndProject
Global
	GlobalSection(SolutionConfigurationPlatforms) = preSolution
		Debug|Any CPU = Debug|Any CPU
		Release|Any CPU = Release|Any CPU
	EndGlobalSection
	GlobalSection(ProjectConfigurationPlatforms) = postSolution
		{EA2DCBE9-D9C3-49B6-A308-5582F1FBBB81}.Debug|Any CPU.ActiveCfg = Debug|Any CPU
		{EA2DCBE9-D9C3-49B6-A308-5582F1FBBB81}.Debug|Any CPU.Build.0 = Debug|Any CPU
		{EA2DCBE9-D9C3-49B6-A308-5582F1FBBB81}.Release|Any CPU.ActiveCfg = Release|Any CPU
		{EA2DCBE9-D9C3-49B6-A308-5582F1FBBB81}.Release|Any CPU.Build.0 = Release|Any CPU
	EndGlobalSection
	GlobalSection(SolutionProperties) = preSolution
		HideSolutionNode = FALSE
	EndGlobalSection
	GlobalSection(ExtensibilityGlobals) = postSolution
		SolutionGuid = {AAC9086F-5D40-437F-83F1-CAB886EA8FB9}
	EndGlobalSection
EndGlobal
